<?xml version="1.0" encoding="utf-8"?>
<Project ToolsVersion="4.0" xmlns="http://schemas.microsoft.com/developer/msbuild/2003">
  <ItemGroup>
    <Filter Include="Source Files">
      <UniqueIdentifier>{4FC737F1-C7A5-4376-A066-2A32D752A2FF}</UniqueIdentifier>
      <Extensions>cpp;c;cc;cxx;def;odl;idl;hpj;bat;asm;asmx</Extensions>
    </Filter>
    <Filter Include="Header Files">
      <UniqueIdentifier>{93995380-89BD-4b04-88EB-625FBE52EBFB}</UniqueIdentifier>
      <Extensions>h;hpp;hxx;hm;inl;inc;xsd</Extensions>
    </Filter>
    <Filter Include="Resource Files">
      <UniqueIdentifier>{67DA6AB6-F800-4c08-8B7A-83BB121AAD01}</UniqueIdentifier>
      <Extensions>rc;ico;cur;bmp;dlg;rc2;rct;bin;rgs;gif;jpg;jpeg;jpe;resx;tiff;tif;png;wav;mfcribbon-ms</Extensions>
    </Filter>
  </ItemGroup>
  <ItemGroup>
    <ClInclude Include="ar_omp.h">
      <Filter>Header Files</Filter>
    </ClInclude>
    <ClInclude Include="aruco.h">
      <Filter>Header Files</Filter>
    </ClInclude>
    <ClInclude Include="arucofidmarkers.h">
      <Filter>Header Files</Filter>
    </ClInclude>
    <ClInclude Include="board.h">
      <Filter>Header Files</Filter>
    </ClInclude>
    <ClInclude Include="boarddetector.h">
      <Filter>Header Files</Filter>
    </ClInclude>
    <ClInclude Include="cameraparameters.h">
      <Filter>Header Files</Filter>
    </ClInclude>
    <ClInclude Include="chromaticmask.h">
      <Filter>Header Files</Filter>
    </ClInclude>
    <ClInclude Include="cvdrawingutils.h">
      <Filter>Header Files</Filter>
    </ClInclude>
    <ClInclude Include="exports.h">
      <Filter>Header Files</Filter>
    </ClInclude>
    <ClInclude Include="highlyreliablemarkers.h">
      <Filter>Header Files</Filter>
    </ClInclude>
    <ClInclude Include="marker.h">
      <Filter>Header Files</Filter>
    </ClInclude>
    <ClInclude Include="markerdetector.h">
      <Filter>Header Files</Filter>
    </ClInclude>
    <ClInclude Include="subpixelcorner.h">
      <Filter>Header Files</Filter>
    </ClInclude>
  </ItemGroup>
  <ItemGroup>
    <ClCompile Include="boarddetector.cpp">
      <Filter>Source Files</Filter>
    </ClCompile>
    <ClCompile Include="markerdetector.cpp">
      <Filter>Source Files</Filter>
    </ClCompile>
    <ClCompile Include="ar_omp.cpp">
      <Filter>Source Files</Filter>
    </ClCompile>
    <ClCompile Include="arucofidmarkers.cpp">
      <Filter>Source Files</Filter>
    </ClCompile>
    <ClCompile Include="board.cpp">
      <Filter>Source Files</Filter>
    </ClCompile>
    <ClCompile Include="cameraparameters.cpp">
      <Filter>Source Files</Filter>
    </ClCompile>
    <ClCompile Include="chromaticmask.cpp">
      <Filter>Source Files</Filter>
    </ClCompile>
    <ClCompile Include="cvdrawingutils.cpp">
      <Filter>Source Files</Filter>
    </ClCompile>
    <ClCompile Include="highlyreliablemarkers.cpp">
      <Filter>Source Files</Filter>
    </ClCompile>
    <ClCompile Include="marker.cpp">
      <Filter>Source Files</Filter>
    </ClCompile>
    <ClCompile Include="subpixelcorner.cpp">
      <Filter>Source Files</Filter>
    </ClCompile>
  </ItemGroup>
</Project>